
Microsoft Visual Studio Solution File, Format Version 12.00
# Visual Studio Version 16
VisualStudioVersion = 16.6.30114.105
MinimumVisualStudioVersion = 10.0.40219.1
Project("{FAE04EC0-301F-11D3-BF4B-00C04F79EFBC}") = "EnglishTime.Data", "EnglishTime.Data\EnglishTime.Data.csproj", "{6586AA1A-9A10-435F-A13D-0C2E5F39A7E7}"
EndProject
Project("{FAE04EC0-301F-11D3-BF4B-00C04F79EFBC}") = "EnglishTime.Core", "EnglishTime.Core\EnglishTime.Core.csproj", "{8B253056-AFB5-45E2-AEFE-F25594D470CE}"
EndProject
Project("{FAE04EC0-301F-11D3-BF4B-00C04F79EFBC}") = "EnglishTime.ApiRest", "EnglishTime.ApiRest\EnglishTime.ApiRest.csproj", "{AD5C936B-9902-4D23-944B-808E83D39DEE}"
EndProject
Project("{FAE04EC0-301F-11D3-BF4B-00C04F79EFBC}") = "EnglishTime.WebBlazor", "EnglishTime.WebBlazor\EnglishTime.WebBlazor.csproj", "{1238819D-48C4-4E3A-9B1E-B489692BF4DD}"
EndProject
Global
	GlobalSection(SolutionConfigurationPlatforms) = preSolution
		Debug|Any CPU = Debug|Any CPU
		Debug|x64 = Debug|x64
		Debug|x86 = Debug|x86
		Release|Any CPU = Release|Any CPU
		Release|x64 = Release|x64
		Release|x86 = Release|x86
	EndGlobalSection
	GlobalSection(SolutionProperties) = preSolution
		HideSolutionNode = FALSE
	EndGlobalSection
	GlobalSection(ProjectConfigurationPlatforms) = postSolution
		{6586AA1A-9A10-435F-A13D-0C2E5F39A7E7}.Debug|Any CPU.ActiveCfg = Debug|Any CPU
		{6586AA1A-9A10-435F-A13D-0C2E5F39A7E7}.Debug|Any CPU.Build.0 = Debug|Any CPU
		{6586AA1A-9A10-435F-A13D-0C2E5F39A7E7}.Debug|x64.ActiveCfg = Debug|Any CPU
		{6586AA1A-9A10-435F-A13D-0C2E5F39A7E7}.Debug|x64.Build.0 = Debug|Any CPU
		{6586AA1A-9A10-435F-A13D-0C2E5F39A7E7}.Debug|x86.ActiveCfg = Debug|Any CPU
		{6586AA1A-9A10-435F-A13D-0C2E5F39A7E7}.Debug|x86.Build.0 = Debug|Any CPU
		{6586AA1A-9A10-435F-A13D-0C2E5F39A7E7}.Release|Any CPU.ActiveCfg = Release|Any CPU
		{6586AA1A-9A10-435F-A13D-0C2E5F39A7E7}.Release|Any CPU.Build.0 = Release|Any CPU
		{6586AA1A-9A10-435F-A13D-0C2E5F39A7E7}.Release|x64.ActiveCfg = Release|Any CPU
		{6586AA1A-9A10-435F-A13D-0C2E5F39A7E7}.Release|x64.Build.0 = Release|Any CPU
		{6586AA1A-9A10-435F-A13D-0C2E5F39A7E7}.Release|x86.ActiveCfg = Release|Any CPU
		{6586AA1A-9A10-435F-A13D-0C2E5F39A7E7}.Release|x86.Build.0 = Release|Any CPU
		{8B253056-AFB5-45E2-AEFE-F25594D470CE}.Debug|Any CPU.ActiveCfg = Debug|Any CPU
		{8B253056-AFB5-45E2-AEFE-F25594D470CE}.Debug|Any CPU.Build.0 = Debug|Any CPU
		{8B253056-AFB5-45E2-AEFE-F25594D470CE}.Debug|x64.ActiveCfg = Debug|Any CPU
		{8B253056-AFB5-45E2-AEFE-F25594D470CE}.Debug|x64.Build.0 = Debug|Any CPU
		{8B253056-AFB5-45E2-AEFE-F25594D470CE}.Debug|x86.ActiveCfg = Debug|Any CPU
		{8B253056-AFB5-45E2-AEFE-F25594D470CE}.Debug|x86.Build.0 = Debug|Any CPU
		{8B253056-AFB5-45E2-AEFE-F25594D470CE}.Release|Any CPU.ActiveCfg = Release|Any CPU
		{8B253056-AFB5-45E2-AEFE-F25594D470CE}.Release|Any CPU.Build.0 = Release|Any CPU
		{8B253056-AFB5-45E2-AEFE-F25594D470CE}.Release|x64.ActiveCfg = Release|Any CPU
		{8B253056-AFB5-45E2-AEFE-F25594D470CE}.Release|x64.Build.0 = Release|Any CPU
		{8B253056-AFB5-45E2-AEFE-F25594D470CE}.Release|x86.ActiveCfg = Release|Any CPU
		{8B253056-AFB5-45E2-AEFE-F25594D470CE}.Release|x86.Build.0 = Release|Any CPU
		{AD5C936B-9902-4D23-944B-808E83D39DEE}.Debug|Any CPU.ActiveCfg = Debug|Any CPU
		{AD5C936B-9902-4D23-944B-808E83D39DEE}.Debug|Any CPU.Build.0 = Debug|Any CPU
		{AD5C936B-9902-4D23-944B-808E83D39DEE}.Debug|x64.ActiveCfg = Debug|Any CPU
		{AD5C936B-9902-4D23-944B-808E83D39DEE}.Debug|x64.Build.0 = Debug|Any CPU
		{AD5C936B-9902-4D23-944B-808E83D39DEE}.Debug|x86.ActiveCfg = Debug|Any CPU
		{AD5C936B-9902-4D23-944B-808E83D39DEE}.Debug|x86.Build.0 = Debug|Any CPU
		{AD5C936B-9902-4D23-944B-808E83D39DEE}.Release|Any CPU.ActiveCfg = Release|Any CPU
		{AD5C936B-9902-4D23-944B-808E83D39DEE}.Release|Any CPU.Build.0 = Release|Any CPU
		{AD5C936B-9902-4D23-944B-808E83D39DEE}.Release|x64.ActiveCfg = Release|Any CPU
		{AD5C936B-9902-4D23-944B-808E83D39DEE}.Release|x64.Build.0 = Release|Any CPU
		{AD5C936B-9902-4D23-944B-808E83D39DEE}.Release|x86.ActiveCfg = Release|Any CPU
		{AD5C936B-9902-4D23-944B-808E83D39DEE}.Release|x86.Build.0 = Release|Any CPU
		{1238819D-48C4-4E3A-9B1E-B489692BF4DD}.Debug|Any CPU.ActiveCfg = Debug|Any CPU
		{1238819D-48C4-4E3A-9B1E-B489692BF4DD}.Debug|Any CPU.Build.0 = Debug|Any CPU
		{1238819D-48C4-4E3A-9B1E-B489692BF4DD}.Debug|x64.ActiveCfg = Debug|Any CPU
		{1238819D-48C4-4E3A-9B1E-B489692BF4DD}.Debug|x64.Build.0 = Debug|Any CPU
		{1238819D-48C4-4E3A-9B1E-B489692BF4DD}.Debug|x86.ActiveCfg = Debug|Any CPU
		{1238819D-48C4-4E3A-9B1E-B489692BF4DD}.Debug|x86.Build.0 = Debug|Any CPU
		{1238819D-48C4-4E3A-9B1E-B489692BF4DD}.Release|Any CPU.ActiveCfg = Release|Any CPU
		{1238819D-48C4-4E3A-9B1E-B489692BF4DD}.Release|Any CPU.Build.0 = Release|Any CPU
		{1238819D-48C4-4E3A-9B1E-B489692BF4DD}.Release|x64.ActiveCfg = Release|Any CPU
		{1238819D-48C4-4E3A-9B1E-B489692BF4DD}.Release|x64.Build.0 = Release|Any CPU
		{1238819D-48C4-4E3A-9B1E-B489692BF4DD}.Release|x86.ActiveCfg = Release|Any CPU
		{1238819D-48C4-4E3A-9B1E-B489692BF4DD}.Release|x86.Build.0 = Release|Any CPU
	EndGlobalSection
EndGlobal
